
Microsoft Visual Studio Solution File, Format Version 12.00
# Visual Studio Version 16
VisualStudioVersion = 16.0.32002.261
MinimumVisualStudioVersion = 10.0.40219.1
Project("{FAE04EC0-301F-11D3-BF4B-00C04F79EFBC}") = "StackInternship.Presentation", "StackInternship.Presentation\StackInternship.Presentation.csproj", "{4739156F-6D70-4E7E-A451-71105CBA4E2D}"
EndProject
Project("{FAE04EC0-301F-11D3-BF4B-00C04F79EFBC}") = "StackInternship.Domain", "StackInternship.Domain\StackInternship.Domain.csproj", "{A342BCAE-3EF2-4A9B-A895-F9AF45E2DE8C}"
EndProject
Project("{FAE04EC0-301F-11D3-BF4B-00C04F79EFBC}") = "StackInternship.Data", "StackInternship.Data\StackInternship.Data.csproj", "{695C5452-0518-40FD-AD7F-F8BA674D060E}"
EndProject
Global
	GlobalSection(SolutionConfigurationPlatforms) = preSolution
		Debug|Any CPU = Debug|Any CPU
		Release|Any CPU = Release|Any CPU
	EndGlobalSection
	GlobalSection(ProjectConfigurationPlatforms) = postSolution
		{4739156F-6D70-4E7E-A451-71105CBA4E2D}.Debug|Any CPU.ActiveCfg = Debug|Any CPU
		{4739156F-6D70-4E7E-A451-71105CBA4E2D}.Debug|Any CPU.Build.0 = Debug|Any CPU
		{4739156F-6D70-4E7E-A451-71105CBA4E2D}.Release|Any CPU.ActiveCfg = Release|Any CPU
		{4739156F-6D70-4E7E-A451-71105CBA4E2D}.Release|Any CPU.Build.0 = Release|Any CPU
		{A342BCAE-3EF2-4A9B-A895-F9AF45E2DE8C}.Debug|Any CPU.ActiveCfg = Debug|Any CPU
		{A342BCAE-3EF2-4A9B-A895-F9AF45E2DE8C}.Debug|Any CPU.Build.0 = Debug|Any CPU
		{A342BCAE-3EF2-4A9B-A895-F9AF45E2DE8C}.Release|Any CPU.ActiveCfg = Release|Any CPU
		{A342BCAE-3EF2-4A9B-A895-F9AF45E2DE8C}.Release|Any CPU.Build.0 = Release|Any CPU
		{695C5452-0518-40FD-AD7F-F8BA674D060E}.Debug|Any CPU.ActiveCfg = Debug|Any CPU
		{695C5452-0518-40FD-AD7F-F8BA674D060E}.Debug|Any CPU.Build.0 = Debug|Any CPU
		{695C5452-0518-40FD-AD7F-F8BA674D060E}.Release|Any CPU.ActiveCfg = Release|Any CPU
		{695C5452-0518-40FD-AD7F-F8BA674D060E}.Release|Any CPU.Build.0 = Release|Any CPU
	EndGlobalSection
	GlobalSection(SolutionProperties) = preSolution
		HideSolutionNode = FALSE
	EndGlobalSection
	GlobalSection(ExtensibilityGlobals) = postSolution
		SolutionGuid = {36FB4D21-5C34-494F-A505-61C4BA674ECB}
	EndGlobalSection
EndGlobal
